{
    "_meta": {
        "hash": {
            "sha256": "90b0f9999b1a88a57467eee9d274abf8e012f53d099d577bc5c1b2ae172839f8"
        },
        "pipfile-spec": 6,
        "requires": {
            "python_version": "3.13"
        },
        "sources": [
            {
                "name": "pypi",
                "url": "https://pypi.org/simple",
                "verify_ssl": true
            }
        ]
    },
    "default": {
        "altgraph": {
            "hashes": [
                "sha256:c87b395dd12fabde9c99573a9749d67da8d29ef9de0125c7f536699b4a9bc9e7",
                "sha256:f3a22400bce1b0c701683820ac4f3b159cd301acab067c51c653e06961600597"
            ],
            "version": "==0.17.5"
        },
        "packaging": {
            "hashes": [
                "sha256:29572ef2b1f17581046b3a2227d5c611fb25ec70ca1ba8554b24b0e69331a484",
                "sha256:d443872c98d677bf60f6a1f2f8c1cb748e8fe762d2bf9d3148b5599295b0fc4f"
            ],
            "markers": "python_version >= '3.8'",
            "version": "==25.0"
        },
        "pefile": {
            "hashes": [
                "sha256:3ff6c5d8b43e8c37bb6e6dd5085658d658a7a0bdcd20b6a07b1fcfc1c4e9d632",
                "sha256:76f8b485dcd3b1bb8166f1128d395fa3d87af26360c2358fb75b80019b957c6f"
            ],
            "markers": "python_full_version >= '3.6.0'",
            "version": "==2024.8.26"
        },
        "pyinstaller": {
            "hashes": [
                "sha256:060b122e43e7c0b23e759a4153be34bd70914135ab955bb18a67181e0dca85a2",
                "sha256:2a147b83cdebb07855bd5a663600891550062373a2ca375c58eacead33741a27",
                "sha256:3c92a335e338170df7e615f75279cfeea97ade89e6dd7694943c8c185460f7b7",
                "sha256:4e446b8030c6e5a2f712e3f82011ecf6c7ead86008357b0d23a0ec4bcde31dac",
                "sha256:89c0d18ba8b62c6607abd8cf2299ae5ffa5c36d8c47f39608ce8c3f357f6099f",
                "sha256:97f4c1942f7b4cd73f9e38b49cc8f5f8a6fbb44922cb60dd3073a189b77ee1ae",
                "sha256:aa9fd87aaa28239c6f0d0210114029bd03f8cac316a90bab071a5092d7c85ad7",
                "sha256:b019940dbf7a01489d6b26f9fb97db74b504e0a757010f7ad078675befc85a82",
                "sha256:be372bd911392b88277e510940ac32a5c2a6ce4b8d00a311c78fa443f4f27313",
                "sha256:cd213d1a545c97dfe4a3c40e8213ff7c5127fc115c49229f27a3fa541503444b",
                "sha256:ce0be227a037fd4be672226db709088565484f597d6b230bceec19850fdd4c85",
                "sha256:f8cfbbfa6708e54fb936df6dd6eafaf133e84efb0d2fe25b91cfeefa793c4ca4"
            ],
            "index": "pypi",
            "markers": "python_version < '3.15' and python_version >= '3.8'",
            "version": "==6.17.0"
        },
        "pyinstaller-hooks-contrib": {
            "hashes": [
                "sha256:a1a737e5c0dccf1cf6f19a25e2efd109b9fec9ddd625f97f553dac16ee884881",
                "sha256:aa7a378518772846221f63a84d6306d9827299323243db890851474dfd1231a9"
            ],
            "markers": "python_version >= '3.8'",
            "version": "==2025.10"
        },
        "pyside6": {
            "hashes": [
                "sha256:4053bf51ba2c2cb20e1005edd469997976a02cec009f7c46356a0b65c137f1fa",
                "sha256:7d3ca20a40139ca5324a7864f1d91cdf2ff237e11bd16354a42670f2a4eeb13c",
                "sha256:9c5c1d94387d1a32a6fae25348097918ef413b87dfa3767c46f737c6d48ae437",
                "sha256:9f89ff994f774420eaa38cec6422fddd5356611d8481774820befd6f3bb84c9e",
                "sha256:d0e70dd0e126d01986f357c2a555722f9462cf8a942bf2ce180baf69f468e516"
            ],
            "index": "pypi",
            "markers": "python_version < '3.15' and python_version >= '3.9'",
            "version": "==6.10.1"
        },
        "pyside6-addons": {
            "hashes": [
                "sha256:0de303c0447326cdc6c8be5ab066ef581e2d0baf22560c9362d41b8304fdf2db",
                "sha256:330c229b58d30083a7b99ed22e118eb4f4126408429816a4044ccd0438ae81b4",
                "sha256:4d2b82bbf9b861134845803837011e5f9ac7d33661b216805273cf0c6d0f8e82",
                "sha256:56864b5fecd6924187a2d0f7e98d968ed72b6cc267caa5b294cd7e88fff4e54c",
                "sha256:b6e249d15407dd33d6a2ffabd9dc6d7a8ab8c95d05f16a71dad4d07781c76341"
            ],
            "markers": "python_version < '3.15' and python_version >= '3.9'",
            "version": "==6.10.1"
        },
        "pyside6-essentials": {
            "hashes": [
                "sha256:4d1d248644f1778f8ddae5da714ca0f5a150a5e6f602af2765a7d21b876da05c",
                "sha256:9555a48e8f0acf63fc6a23c250808db841b28a66ed6ad89ee0e4df7628752674",
                "sha256:cd224aff3bb26ff1fca32c050e1c4d0bd9f951a96219d40d5f3d0128485b0bbe",
                "sha256:e9ccbfb58c03911a0bce1f2198605b02d4b5ca6276bfc0cbcf7c6f6393ffb856",
                "sha256:ec8617c9b143b0c19ba1cc5a7e98c538e4143795480cb152aee47802c18dc5d2"
            ],
            "markers": "python_version < '3.15' and python_version >= '3.9'",
            "version": "==6.10.1"
        },
        "pywin32-ctypes": {
            "hashes": [
                "sha256:8a1513379d709975552d202d942d9837758905c8d01eb82b8bcc30918929e7b8",
                "sha256:d162dc04946d704503b2edc4d55f3dba5c1d539ead017afa00142c38b9885755"
            ],
            "markers": "python_version >= '3.6'",
            "version": "==0.2.3"
        },
        "setuptools": {
            "hashes": [
                "sha256:062d34222ad13e0cc312a4c02d73f059e86a4acbfbdea8f8f76b28c99f306922",
                "sha256:f36b47402ecde768dbfafc46e8e4207b4360c654f1f3bb84475f0a28628fb19c"
            ],
            "markers": "python_version >= '3.9'",
            "version": "==80.9.0"
        },
        "shiboken6": {
            "hashes": [
                "sha256:5cf800917008587b551005a45add2d485cca66f5f7ecd5b320e9954e40448cc9",
                "sha256:9f2990f5b61b0b68ecadcd896ab4441f2cb097eef7797ecc40584107d9850d71",
                "sha256:c095b00f4d6bf578c0b2464bb4e264b351a99345374478570f69e2e679a2a1d0",
                "sha256:c1601d3cda1fa32779b141663873741b54e797cb0328458d7466281f117b0a4e",
                "sha256:f4221a52dfb81f24a0d20cc4f8981cb6edd810d5a9fb28287ce10d342573a0e4"
            ],
            "markers": "python_version < '3.15' and python_version >= '3.9'",
            "version": "==6.10.1"
        }
    },
    "develop": {}
}
